
Microsoft Visual Studio Solution File, Format Version 12.00
# Visual Studio Version 17
VisualStudioVersion = 17.0.32112.339
MinimumVisualStudioVersion = 10.0.40219.1
Project("{9A19103F-16F7-4668-BE54-9A1E7A4F7556}") = "M001", "M001\M001.csproj", "{085E52D8-89F0-427A-9906-B746EEC8C70E}"
EndProject
Project("{9A19103F-16F7-4668-BE54-9A1E7A4F7556}") = "M002", "M002\M002.csproj", "{0B6EF839-A5FC-4EAF-A837-8226B563C575}"
EndProject
Project("{9A19103F-16F7-4668-BE54-9A1E7A4F7556}") = "M003", "M003\M003.csproj", "{B555A4BF-FD96-42A3-B1ED-5C6E1EB21156}"
EndProject
Project("{9A19103F-16F7-4668-BE54-9A1E7A4F7556}") = "M004", "M004\M004.csproj", "{3CBBA028-70EA-4C1A-8675-BA42FE256087}"
EndProject
Project("{9A19103F-16F7-4668-BE54-9A1E7A4F7556}") = "M005", "M005\M005.csproj", "{2F33930C-7F92-4D5B-AF99-8F818132EF01}"
EndProject
Project("{9A19103F-16F7-4668-BE54-9A1E7A4F7556}") = "M006", "M006\M006.csproj", "{AD304BE1-FA98-4D6D-A27F-177DE1FCFD8A}"
EndProject
Project("{9A19103F-16F7-4668-BE54-9A1E7A4F7556}") = "M007", "M007\M007.csproj", "{13F498C6-B354-4DD6-A292-25B5CAB68969}"
EndProject
Project("{9A19103F-16F7-4668-BE54-9A1E7A4F7556}") = "M008", "M008\M008.csproj", "{51D766CF-1AA9-4BCB-96D5-52AB1B8C4E15}"
EndProject
Project("{9A19103F-16F7-4668-BE54-9A1E7A4F7556}") = "M009", "M009\M009.csproj", "{152BF356-1B84-47C3-B997-EDB999E00F70}"
EndProject
Project("{9A19103F-16F7-4668-BE54-9A1E7A4F7556}") = "M010", "M010\M010.csproj", "{E5DAED59-6E9C-45FB-A4F7-F09751FF0375}"
EndProject
Project("{9A19103F-16F7-4668-BE54-9A1E7A4F7556}") = "M011", "M011\M011.csproj", "{E14D5102-4C33-4364-8393-1E4E2CF132C3}"
EndProject
Project("{9A19103F-16F7-4668-BE54-9A1E7A4F7556}") = "M012", "M012\M012.csproj", "{91C9C7D1-12F4-4ECA-8B8F-24C8995DCA76}"
EndProject
Project("{9A19103F-16F7-4668-BE54-9A1E7A4F7556}") = "UnitTests_M012", "UnitTests_M012\UnitTests_M012.csproj", "{F6593205-ECB2-4D0B-AA5E-E76770048655}"
EndProject
Project("{9A19103F-16F7-4668-BE54-9A1E7A4F7556}") = "M013", "M013\M013.csproj", "{88845EC2-76D4-482D-BE84-F010DEC955BD}"
EndProject
Project("{9A19103F-16F7-4668-BE54-9A1E7A4F7556}") = "M014", "M014\M014.csproj", "{965BA154-D48E-4BE6-A4AE-F2465F7E9006}"
EndProject
Project("{9A19103F-16F7-4668-BE54-9A1E7A4F7556}") = "M014_WPF", "M014_WPF\M014_WPF.csproj", "{EA61AB5B-EE69-4DC2-B58B-685D5DA11C57}"
EndProject
Project("{9A19103F-16F7-4668-BE54-9A1E7A4F7556}") = "M015", "M015\M015.csproj", "{22922629-E19F-4794-9BDE-60F8DC1D372E}"
EndProject
Project("{2150E333-8FDC-42A3-9474-1A3956D46DE8}") = "TPL", "TPL", "{0858B3CE-238D-49D5-ACE6-AF6E72D79191}"
EndProject
Project("{FAE04EC0-301F-11D3-BF4B-00C04F79EFBC}") = "TPL_001", "TPL\TPL_001\TPL_001.csproj", "{ADA017A7-2E66-4EE0-BC4B-F48663FE281A}"
EndProject
Project("{FAE04EC0-301F-11D3-BF4B-00C04F79EFBC}") = "TPL_002", "TPL\TPL_002\TPL_002.csproj", "{94142E3C-6C54-47B2-A527-669E2FF68E71}"
EndProject
Project("{FAE04EC0-301F-11D3-BF4B-00C04F79EFBC}") = "TPL_003", "TPL\TPL_003\TPL_003.csproj", "{68B25F40-2606-4939-975C-CD33A3710433}"
EndProject
Project("{FAE04EC0-301F-11D3-BF4B-00C04F79EFBC}") = "TPL_004", "TPL\TPL_004\TPL_004.csproj", "{DD3B26EB-C761-4D11-8E19-B5E27A619C4D}"
EndProject
Project("{FAE04EC0-301F-11D3-BF4B-00C04F79EFBC}") = "TPL_005", "TPL\TPL_005\TPL_005.csproj", "{A29CE4A2-0060-409F-A8D3-32FC0855A3EE}"
EndProject
Project("{FAE04EC0-301F-11D3-BF4B-00C04F79EFBC}") = "TPL_006", "TPL\TPL_006\TPL_006.csproj", "{331B4775-9046-45F5-A5C9-6EEDF6A182AA}"
EndProject
Project("{FAE04EC0-301F-11D3-BF4B-00C04F79EFBC}") = "TPL_007", "TPL\TPL_007\TPL_007.csproj", "{221B806F-D8AC-4D2D-8C21-36695311645A}"
EndProject
Project("{FAE04EC0-301F-11D3-BF4B-00C04F79EFBC}") = "TPL_008", "TPL\TPL_008\TPL_008.csproj", "{1AF19196-4C07-4AAC-8776-D36BDCF01CEB}"
EndProject
Project("{FAE04EC0-301F-11D3-BF4B-00C04F79EFBC}") = "TPL_009", "TPL\TPL_009\TPL_009.csproj", "{25B90AA3-243F-492B-880F-2844B071BA9E}"
EndProject
Project("{FAE04EC0-301F-11D3-BF4B-00C04F79EFBC}") = "API", "API\API.csproj", "{61019682-3A0F-4598-B9D7-F3A13A98909C}"
EndProject
Project("{FAE04EC0-301F-11D3-BF4B-00C04F79EFBC}") = "MySQL", "MySQL\MySQL.csproj", "{0DBC0D7E-AA27-4A11-B0D4-435C47BCC1AE}"
EndProject
Global
	GlobalSection(SolutionConfigurationPlatforms) = preSolution
		Debug|Any CPU = Debug|Any CPU
		Release|Any CPU = Release|Any CPU
	EndGlobalSection
	GlobalSection(ProjectConfigurationPlatforms) = postSolution
		{085E52D8-89F0-427A-9906-B746EEC8C70E}.Debug|Any CPU.ActiveCfg = Debug|Any CPU
		{085E52D8-89F0-427A-9906-B746EEC8C70E}.Debug|Any CPU.Build.0 = Debug|Any CPU
		{085E52D8-89F0-427A-9906-B746EEC8C70E}.Release|Any CPU.ActiveCfg = Release|Any CPU
		{085E52D8-89F0-427A-9906-B746EEC8C70E}.Release|Any CPU.Build.0 = Release|Any CPU
		{0B6EF839-A5FC-4EAF-A837-8226B563C575}.Debug|Any CPU.ActiveCfg = Debug|Any CPU
		{0B6EF839-A5FC-4EAF-A837-8226B563C575}.Debug|Any CPU.Build.0 = Debug|Any CPU
		{0B6EF839-A5FC-4EAF-A837-8226B563C575}.Release|Any CPU.ActiveCfg = Release|Any CPU
		{0B6EF839-A5FC-4EAF-A837-8226B563C575}.Release|Any CPU.Build.0 = Release|Any CPU
		{B555A4BF-FD96-42A3-B1ED-5C6E1EB21156}.Debug|Any CPU.ActiveCfg = Debug|Any CPU
		{B555A4BF-FD96-42A3-B1ED-5C6E1EB21156}.Debug|Any CPU.Build.0 = Debug|Any CPU
		{B555A4BF-FD96-42A3-B1ED-5C6E1EB21156}.Release|Any CPU.ActiveCfg = Release|Any CPU
		{B555A4BF-FD96-42A3-B1ED-5C6E1EB21156}.Release|Any CPU.Build.0 = Release|Any CPU
		{3CBBA028-70EA-4C1A-8675-BA42FE256087}.Debug|Any CPU.ActiveCfg = Debug|Any CPU
		{3CBBA028-70EA-4C1A-8675-BA42FE256087}.Debug|Any CPU.Build.0 = Debug|Any CPU
		{3CBBA028-70EA-4C1A-8675-BA42FE256087}.Release|Any CPU.ActiveCfg = Release|Any CPU
		{3CBBA028-70EA-4C1A-8675-BA42FE256087}.Release|Any CPU.Build.0 = Release|Any CPU
		{2F33930C-7F92-4D5B-AF99-8F818132EF01}.Debug|Any CPU.ActiveCfg = Debug|Any CPU
		{2F33930C-7F92-4D5B-AF99-8F818132EF01}.Debug|Any CPU.Build.0 = Debug|Any CPU
		{2F33930C-7F92-4D5B-AF99-8F818132EF01}.Release|Any CPU.ActiveCfg = Release|Any CPU
		{2F33930C-7F92-4D5B-AF99-8F818132EF01}.Release|Any CPU.Build.0 = Release|Any CPU
		{AD304BE1-FA98-4D6D-A27F-177DE1FCFD8A}.Debug|Any CPU.ActiveCfg = Debug|Any CPU
		{AD304BE1-FA98-4D6D-A27F-177DE1FCFD8A}.Debug|Any CPU.Build.0 = Debug|Any CPU
		{AD304BE1-FA98-4D6D-A27F-177DE1FCFD8A}.Release|Any CPU.ActiveCfg = Release|Any CPU
		{AD304BE1-FA98-4D6D-A27F-177DE1FCFD8A}.Release|Any CPU.Build.0 = Release|Any CPU
		{13F498C6-B354-4DD6-A292-25B5CAB68969}.Debug|Any CPU.ActiveCfg = Debug|Any CPU
		{13F498C6-B354-4DD6-A292-25B5CAB68969}.Debug|Any CPU.Build.0 = Debug|Any CPU
		{13F498C6-B354-4DD6-A292-25B5CAB68969}.Release|Any CPU.ActiveCfg = Release|Any CPU
		{13F498C6-B354-4DD6-A292-25B5CAB68969}.Release|Any CPU.Build.0 = Release|Any CPU
		{51D766CF-1AA9-4BCB-96D5-52AB1B8C4E15}.Debug|Any CPU.ActiveCfg = Debug|Any CPU
		{51D766CF-1AA9-4BCB-96D5-52AB1B8C4E15}.Debug|Any CPU.Build.0 = Debug|Any CPU
		{51D766CF-1AA9-4BCB-96D5-52AB1B8C4E15}.Release|Any CPU.ActiveCfg = Release|Any CPU
		{51D766CF-1AA9-4BCB-96D5-52AB1B8C4E15}.Release|Any CPU.Build.0 = Release|Any CPU
		{152BF356-1B84-47C3-B997-EDB999E00F70}.Debug|Any CPU.ActiveCfg = Debug|Any CPU
		{152BF356-1B84-47C3-B997-EDB999E00F70}.Debug|Any CPU.Build.0 = Debug|Any CPU
		{152BF356-1B84-47C3-B997-EDB999E00F70}.Release|Any CPU.ActiveCfg = Release|Any CPU
		{152BF356-1B84-47C3-B997-EDB999E00F70}.Release|Any CPU.Build.0 = Release|Any CPU
		{E5DAED59-6E9C-45FB-A4F7-F09751FF0375}.Debug|Any CPU.ActiveCfg = Debug|Any CPU
		{E5DAED59-6E9C-45FB-A4F7-F09751FF0375}.Debug|Any CPU.Build.0 = Debug|Any CPU
		{E5DAED59-6E9C-45FB-A4F7-F09751FF0375}.Release|Any CPU.ActiveCfg = Release|Any CPU
		{E5DAED59-6E9C-45FB-A4F7-F09751FF0375}.Release|Any CPU.Build.0 = Release|Any CPU
		{E14D5102-4C33-4364-8393-1E4E2CF132C3}.Debug|Any CPU.ActiveCfg = Debug|Any CPU
		{E14D5102-4C33-4364-8393-1E4E2CF132C3}.Debug|Any CPU.Build.0 = Debug|Any CPU
		{E14D5102-4C33-4364-8393-1E4E2CF132C3}.Release|Any CPU.ActiveCfg = Release|Any CPU
		{E14D5102-4C33-4364-8393-1E4E2CF132C3}.Release|Any CPU.Build.0 = Release|Any CPU
		{91C9C7D1-12F4-4ECA-8B8F-24C8995DCA76}.Debug|Any CPU.ActiveCfg = Debug|Any CPU
		{91C9C7D1-12F4-4ECA-8B8F-24C8995DCA76}.Debug|Any CPU.Build.0 = Debug|Any CPU
		{91C9C7D1-12F4-4ECA-8B8F-24C8995DCA76}.Release|Any CPU.ActiveCfg = Release|Any CPU
		{91C9C7D1-12F4-4ECA-8B8F-24C8995DCA76}.Release|Any CPU.Build.0 = Release|Any CPU
		{F6593205-ECB2-4D0B-AA5E-E76770048655}.Debug|Any CPU.ActiveCfg = Debug|Any CPU
		{F6593205-ECB2-4D0B-AA5E-E76770048655}.Debug|Any CPU.Build.0 = Debug|Any CPU
		{F6593205-ECB2-4D0B-AA5E-E76770048655}.Release|Any CPU.ActiveCfg = Release|Any CPU
		{F6593205-ECB2-4D0B-AA5E-E76770048655}.Release|Any CPU.Build.0 = Release|Any CPU
		{88845EC2-76D4-482D-BE84-F010DEC955BD}.Debug|Any CPU.ActiveCfg = Debug|Any CPU
		{88845EC2-76D4-482D-BE84-F010DEC955BD}.Debug|Any CPU.Build.0 = Debug|Any CPU
		{88845EC2-76D4-482D-BE84-F010DEC955BD}.Release|Any CPU.ActiveCfg = Release|Any CPU
		{88845EC2-76D4-482D-BE84-F010DEC955BD}.Release|Any CPU.Build.0 = Release|Any CPU
		{965BA154-D48E-4BE6-A4AE-F2465F7E9006}.Debug|Any CPU.ActiveCfg = Debug|Any CPU
		{965BA154-D48E-4BE6-A4AE-F2465F7E9006}.Debug|Any CPU.Build.0 = Debug|Any CPU
		{965BA154-D48E-4BE6-A4AE-F2465F7E9006}.Release|Any CPU.ActiveCfg = Release|Any CPU
		{965BA154-D48E-4BE6-A4AE-F2465F7E9006}.Release|Any CPU.Build.0 = Release|Any CPU
		{EA61AB5B-EE69-4DC2-B58B-685D5DA11C57}.Debug|Any CPU.ActiveCfg = Debug|Any CPU
		{EA61AB5B-EE69-4DC2-B58B-685D5DA11C57}.Debug|Any CPU.Build.0 = Debug|Any CPU
		{EA61AB5B-EE69-4DC2-B58B-685D5DA11C57}.Release|Any CPU.ActiveCfg = Release|Any CPU
		{EA61AB5B-EE69-4DC2-B58B-685D5DA11C57}.Release|Any CPU.Build.0 = Release|Any CPU
		{22922629-E19F-4794-9BDE-60F8DC1D372E}.Debug|Any CPU.ActiveCfg = Debug|Any CPU
		{22922629-E19F-4794-9BDE-60F8DC1D372E}.Debug|Any CPU.Build.0 = Debug|Any CPU
		{22922629-E19F-4794-9BDE-60F8DC1D372E}.Release|Any CPU.ActiveCfg = Release|Any CPU
		{22922629-E19F-4794-9BDE-60F8DC1D372E}.Release|Any CPU.Build.0 = Release|Any CPU
		{ADA017A7-2E66-4EE0-BC4B-F48663FE281A}.Debug|Any CPU.ActiveCfg = Debug|Any CPU
		{ADA017A7-2E66-4EE0-BC4B-F48663FE281A}.Debug|Any CPU.Build.0 = Debug|Any CPU
		{ADA017A7-2E66-4EE0-BC4B-F48663FE281A}.Release|Any CPU.ActiveCfg = Release|Any CPU
		{ADA017A7-2E66-4EE0-BC4B-F48663FE281A}.Release|Any CPU.Build.0 = Release|Any CPU
		{94142E3C-6C54-47B2-A527-669E2FF68E71}.Debug|Any CPU.ActiveCfg = Debug|Any CPU
		{94142E3C-6C54-47B2-A527-669E2FF68E71}.Debug|Any CPU.Build.0 = Debug|Any CPU
		{94142E3C-6C54-47B2-A527-669E2FF68E71}.Release|Any CPU.ActiveCfg = Release|Any CPU
		{94142E3C-6C54-47B2-A527-669E2FF68E71}.Release|Any CPU.Build.0 = Release|Any CPU
		{68B25F40-2606-4939-975C-CD33A3710433}.Debug|Any CPU.ActiveCfg = Debug|Any CPU
		{68B25F40-2606-4939-975C-CD33A3710433}.Debug|Any CPU.Build.0 = Debug|Any CPU
		{68B25F40-2606-4939-975C-CD33A3710433}.Release|Any CPU.ActiveCfg = Release|Any CPU
		{68B25F40-2606-4939-975C-CD33A3710433}.Release|Any CPU.Build.0 = Release|Any CPU
		{DD3B26EB-C761-4D11-8E19-B5E27A619C4D}.Debug|Any CPU.ActiveCfg = Debug|Any CPU
		{DD3B26EB-C761-4D11-8E19-B5E27A619C4D}.Debug|Any CPU.Build.0 = Debug|Any CPU
		{DD3B26EB-C761-4D11-8E19-B5E27A619C4D}.Release|Any CPU.ActiveCfg = Release|Any CPU
		{DD3B26EB-C761-4D11-8E19-B5E27A619C4D}.Release|Any CPU.Build.0 = Release|Any CPU
		{A29CE4A2-0060-409F-A8D3-32FC0855A3EE}.Debug|Any CPU.ActiveCfg = Debug|Any CPU
		{A29CE4A2-0060-409F-A8D3-32FC0855A3EE}.Debug|Any CPU.Build.0 = Debug|Any CPU
		{A29CE4A2-0060-409F-A8D3-32FC0855A3EE}.Release|Any CPU.ActiveCfg = Release|Any CPU
		{A29CE4A2-0060-409F-A8D3-32FC0855A3EE}.Release|Any CPU.Build.0 = Release|Any CPU
		{331B4775-9046-45F5-A5C9-6EEDF6A182AA}.Debug|Any CPU.ActiveCfg = Debug|Any CPU
		{331B4775-9046-45F5-A5C9-6EEDF6A182AA}.Debug|Any CPU.Build.0 = Debug|Any CPU
		{331B4775-9046-45F5-A5C9-6EEDF6A182AA}.Release|Any CPU.ActiveCfg = Release|Any CPU
		{331B4775-9046-45F5-A5C9-6EEDF6A182AA}.Release|Any CPU.Build.0 = Release|Any CPU
		{221B806F-D8AC-4D2D-8C21-36695311645A}.Debug|Any CPU.ActiveCfg = Debug|Any CPU
		{221B806F-D8AC-4D2D-8C21-36695311645A}.Debug|Any CPU.Build.0 = Debug|Any CPU
		{221B806F-D8AC-4D2D-8C21-36695311645A}.Release|Any CPU.ActiveCfg = Release|Any CPU
		{221B806F-D8AC-4D2D-8C21-36695311645A}.Release|Any CPU.Build.0 = Release|Any CPU
		{1AF19196-4C07-4AAC-8776-D36BDCF01CEB}.Debug|Any CPU.ActiveCfg = Debug|Any CPU
		{1AF19196-4C07-4AAC-8776-D36BDCF01CEB}.Debug|Any CPU.Build.0 = Debug|Any CPU
		{1AF19196-4C07-4AAC-8776-D36BDCF01CEB}.Release|Any CPU.ActiveCfg = Release|Any CPU
		{1AF19196-4C07-4AAC-8776-D36BDCF01CEB}.Release|Any CPU.Build.0 = Release|Any CPU
		{25B90AA3-243F-492B-880F-2844B071BA9E}.Debug|Any CPU.ActiveCfg = Debug|Any CPU
		{25B90AA3-243F-492B-880F-2844B071BA9E}.Debug|Any CPU.Build.0 = Debug|Any CPU
		{25B90AA3-243F-492B-880F-2844B071BA9E}.Release|Any CPU.ActiveCfg = Release|Any CPU
		{25B90AA3-243F-492B-880F-2844B071BA9E}.Release|Any CPU.Build.0 = Release|Any CPU
		{61019682-3A0F-4598-B9D7-F3A13A98909C}.Debug|Any CPU.ActiveCfg = Debug|Any CPU
		{61019682-3A0F-4598-B9D7-F3A13A98909C}.Debug|Any CPU.Build.0 = Debug|Any CPU
		{61019682-3A0F-4598-B9D7-F3A13A98909C}.Release|Any CPU.ActiveCfg = Release|Any CPU
		{61019682-3A0F-4598-B9D7-F3A13A98909C}.Release|Any CPU.Build.0 = Release|Any CPU
		{0DBC0D7E-AA27-4A11-B0D4-435C47BCC1AE}.Debug|Any CPU.ActiveCfg = Debug|Any CPU
		{0DBC0D7E-AA27-4A11-B0D4-435C47BCC1AE}.Debug|Any CPU.Build.0 = Debug|Any CPU
		{0DBC0D7E-AA27-4A11-B0D4-435C47BCC1AE}.Release|Any CPU.ActiveCfg = Release|Any CPU
		{0DBC0D7E-AA27-4A11-B0D4-435C47BCC1AE}.Release|Any CPU.Build.0 = Release|Any CPU
	EndGlobalSection
	GlobalSection(SolutionProperties) = preSolution
		HideSolutionNode = FALSE
	EndGlobalSection
	GlobalSection(NestedProjects) = preSolution
		{ADA017A7-2E66-4EE0-BC4B-F48663FE281A} = {0858B3CE-238D-49D5-ACE6-AF6E72D79191}
		{94142E3C-6C54-47B2-A527-669E2FF68E71} = {0858B3CE-238D-49D5-ACE6-AF6E72D79191}
		{68B25F40-2606-4939-975C-CD33A3710433} = {0858B3CE-238D-49D5-ACE6-AF6E72D79191}
		{DD3B26EB-C761-4D11-8E19-B5E27A619C4D} = {0858B3CE-238D-49D5-ACE6-AF6E72D79191}
		{A29CE4A2-0060-409F-A8D3-32FC0855A3EE} = {0858B3CE-238D-49D5-ACE6-AF6E72D79191}
		{331B4775-9046-45F5-A5C9-6EEDF6A182AA} = {0858B3CE-238D-49D5-ACE6-AF6E72D79191}
		{221B806F-D8AC-4D2D-8C21-36695311645A} = {0858B3CE-238D-49D5-ACE6-AF6E72D79191}
		{1AF19196-4C07-4AAC-8776-D36BDCF01CEB} = {0858B3CE-238D-49D5-ACE6-AF6E72D79191}
		{25B90AA3-243F-492B-880F-2844B071BA9E} = {0858B3CE-238D-49D5-ACE6-AF6E72D79191}
	EndGlobalSection
	GlobalSection(ExtensibilityGlobals) = postSolution
		SolutionGuid = {5B9F5751-E4A4-48C6-9610-AEA1342C4D9C}
	EndGlobalSection
EndGlobal
